
Microsoft Visual Studio Solution File, Format Version 12.00
# Visual Studio Version 16
VisualStudioVersion = 16.0.30621.155
MinimumVisualStudioVersion = 10.0.40219.1
Project("{FAE04EC0-301F-11D3-BF4B-00C04F79EFBC}") = "Atividade_21_03_21", "Atividade_21_03_21.csproj", "{AA15E783-249D-40CD-8351-D16E04EDD198}"
EndProject
Global
	GlobalSection(SolutionConfigurationPlatforms) = preSolution
		Debug|Any CPU = Debug|Any CPU
		Release|Any CPU = Release|Any CPU
	EndGlobalSection
	GlobalSection(ProjectConfigurationPlatforms) = postSolution
		{AA15E783-249D-40CD-8351-D16E04EDD198}.Debug|Any CPU.ActiveCfg = Debug|Any CPU
		{AA15E783-249D-40CD-8351-D16E04EDD198}.Debug|Any CPU.Build.0 = Debug|Any CPU
		{AA15E783-249D-40CD-8351-D16E04EDD198}.Release|Any CPU.ActiveCfg = Release|Any CPU
		{AA15E783-249D-40CD-8351-D16E04EDD198}.Release|Any CPU.Build.0 = Release|Any CPU
	EndGlobalSection
	GlobalSection(SolutionProperties) = preSolution
		HideSolutionNode = FALSE
	EndGlobalSection
	GlobalSection(ExtensibilityGlobals) = postSolution
		SolutionGuid = {68AC4531-C088-4643-B747-5BA25AEA4C1A}
	EndGlobalSection
EndGlobal
